
Microsoft Visual Studio Solution File, Format Version 12.00
# Visual Studio Version 16
VisualStudioVersion = 16.0.31410.357
MinimumVisualStudioVersion = 10.0.40219.1
Project("{8BC9CEB8-8B4A-11D0-8D11-00A0C91BC942}") = "JOSS", "JOSS\JOSS.vcxproj", "{A4D5625B-760F-4C26-9F3D-516E414E2CFE}"
EndProject
Global
	GlobalSection(SolutionConfigurationPlatforms) = preSolution
		Debug|x64 = Debug|x64
		Debug|x86 = Debug|x86
		Release|x64 = Release|x64
		Release|x86 = Release|x86
	EndGlobalSection
	GlobalSection(ProjectConfigurationPlatforms) = postSolution
		{A4D5625B-760F-4C26-9F3D-516E414E2CFE}.Debug|x64.ActiveCfg = Debug|x64
		{A4D5625B-760F-4C26-9F3D-516E414E2CFE}.Debug|x64.Build.0 = Debug|x64
		{A4D5625B-760F-4C26-9F3D-516E414E2CFE}.Debug|x86.ActiveCfg = Debug|x64
		{A4D5625B-760F-4C26-9F3D-516E414E2CFE}.Debug|x86.Build.0 = Debug|x64
		{A4D5625B-760F-4C26-9F3D-516E414E2CFE}.Release|x64.ActiveCfg = Release|x64
		{A4D5625B-760F-4C26-9F3D-516E414E2CFE}.Release|x64.Build.0 = Release|x64
		{A4D5625B-760F-4C26-9F3D-516E414E2CFE}.Release|x86.ActiveCfg = Release|Win32
		{A4D5625B-760F-4C26-9F3D-516E414E2CFE}.Release|x86.Build.0 = Release|Win32
	EndGlobalSection
	GlobalSection(SolutionProperties) = preSolution
		HideSolutionNode = FALSE
	EndGlobalSection
	GlobalSection(ExtensibilityGlobals) = postSolution
		SolutionGuid = {FBD16748-A02A-4508-AE59-248DDB56B038}
	EndGlobalSection
EndGlobal
